
Microsoft Visual Studio Solution File, Format Version 12.00
# Visual Studio Version 16
VisualStudioVersion = 16.0.29519.181
MinimumVisualStudioVersion = 10.0.40219.1
Project("{FAE04EC0-301F-11D3-BF4B-00C04F79EFBC}") = "PersonalCoach", "PersonalCoach\PersonalCoach.csproj", "{8364E6BF-8E6F-456A-A43F-27D5F5A6921A}"
EndProject
Global
	GlobalSection(SolutionConfigurationPlatforms) = preSolution
		Debug|Any CPU = Debug|Any CPU
		Release|Any CPU = Release|Any CPU
	EndGlobalSection
	GlobalSection(ProjectConfigurationPlatforms) = postSolution
		{8364E6BF-8E6F-456A-A43F-27D5F5A6921A}.Debug|Any CPU.ActiveCfg = Debug|Any CPU
		{8364E6BF-8E6F-456A-A43F-27D5F5A6921A}.Debug|Any CPU.Build.0 = Debug|Any CPU
		{8364E6BF-8E6F-456A-A43F-27D5F5A6921A}.Release|Any CPU.ActiveCfg = Release|Any CPU
		{8364E6BF-8E6F-456A-A43F-27D5F5A6921A}.Release|Any CPU.Build.0 = Release|Any CPU
	EndGlobalSection
	GlobalSection(SolutionProperties) = preSolution
		HideSolutionNode = FALSE
	EndGlobalSection
	GlobalSection(ExtensibilityGlobals) = postSolution
		SolutionGuid = {791DE498-D77B-4430-AEA4-D8EC329A8DDE}
	EndGlobalSection
EndGlobal
